// !$*UTF8*$!
{
	archiveVersion = 1;
	classes = {
	};
	objectVersion = 56;
	objects = {

/* Begin PBXBuildFile section */
		1519B7592A4489DD00097DED /* Rickies_3DApp.swift in Sources */ = {isa = PBXBuildFile; fileRef = 1519B7582A4489DD00097DED /* Rickies_3DApp.swift */; };
		1519B7642A448A2B00097DED /* CoinFlipsView.swift in Sources */ = {isa = PBXBuildFile; fileRef = 1519B75C2A448A2B00097DED /* CoinFlipsView.swift */; };
		1519B7652A448A2B00097DED /* ContentView.swift in Sources */ = {isa = PBXBuildFile; fileRef = 1519B75D2A448A2B00097DED /* ContentView.swift */; };
		1519B7662A448A2B00097DED /* CharitiesView.swift in Sources */ = {isa = PBXBuildFile; fileRef = 1519B75E2A448A2B00097DED /* CharitiesView.swift */; };
		1519B7672A448A2B00097DED /* BillChangesView.swift in Sources */ = {isa = PBXBuildFile; fileRef = 1519B75F2A448A2B00097DED /* BillChangesView.swift */; };
		1519B7682A448A2B00097DED /* WinnersView.swift in Sources */ = {isa = PBXBuildFile; fileRef = 1519B7602A448A2B00097DED /* WinnersView.swift */; };
		1519B7692A448A2B00097DED /* EpisodesView.swift in Sources */ = {isa = PBXBuildFile; fileRef = 1519B7612A448A2B00097DED /* EpisodesView.swift */; };
		1519B76A2A448A2B00097DED /* GamesView.swift in Sources */ = {isa = PBXBuildFile; fileRef = 1519B7622A448A2B00097DED /* GamesView.swift */; };
		1519B76B2A448A2B00097DED /* PicksView.swift in Sources */ = {isa = PBXBuildFile; fileRef = 1519B7632A448A2B00097DED /* PicksView.swift */; };
		1519B7742A448A4000097DED /* GamesFetcher.swift in Sources */ = {isa = PBXBuildFile; fileRef = 1519B76C2A448A4000097DED /* GamesFetcher.swift */; };
		1519B7752A448A4000097DED /* IneligibleFetcher.swift in Sources */ = {isa = PBXBuildFile; fileRef = 1519B76D2A448A4000097DED /* IneligibleFetcher.swift */; };
		1519B7762A448A4000097DED /* CoinFlipsFetcher.swift in Sources */ = {isa = PBXBuildFile; fileRef = 1519B76E2A448A4000097DED /* CoinFlipsFetcher.swift */; };
		1519B7772A448A4000097DED /* EpisodesFetcher.swift in Sources */ = {isa = PBXBuildFile; fileRef = 1519B76F2A448A4000097DED /* EpisodesFetcher.swift */; };
		1519B7782A448A4000097DED /* PicksFetcher.swift in Sources */ = {isa = PBXBuildFile; fileRef = 1519B7702A448A4000097DED /* PicksFetcher.swift */; };
		1519B7792A448A4000097DED /* WinnersFetcher.swift in Sources */ = {isa = PBXBuildFile; fileRef = 1519B7712A448A4000097DED /* WinnersFetcher.swift */; };
		1519B77A2A448A4000097DED /* CharitiesFetcher.swift in Sources */ = {isa = PBXBuildFile; fileRef = 1519B7722A448A4000097DED /* CharitiesFetcher.swift */; };
		1519B77B2A448A4000097DED /* BillChangesFetcher.swift in Sources */ = {isa = PBXBuildFile; fileRef = 1519B7732A448A4000097DED /* BillChangesFetcher.swift */; };
		1519B7892A448A5F00097DED /* CoinFlips.swift in Sources */ = {isa = PBXBuildFile; fileRef = 1519B77D2A448A5E00097DED /* CoinFlips.swift */; };
		1519B78A2A448A5F00097DED /* Host.swift in Sources */ = {isa = PBXBuildFile; fileRef = 1519B77E2A448A5E00097DED /* Host.swift */; };
		1519B78B2A448A5F00097DED /* AppState.swift in Sources */ = {isa = PBXBuildFile; fileRef = 1519B77F2A448A5E00097DED /* AppState.swift */; };
		1519B78C2A448A5F00097DED /* Topic.swift in Sources */ = {isa = PBXBuildFile; fileRef = 1519B7802A448A5E00097DED /* Topic.swift */; };
		1519B78D2A448A5F00097DED /* Picks.swift in Sources */ = {isa = PBXBuildFile; fileRef = 1519B7812A448A5F00097DED /* Picks.swift */; };
		1519B78E2A448A5F00097DED /* Game.swift in Sources */ = {isa = PBXBuildFile; fileRef = 1519B7822A448A5F00097DED /* Game.swift */; };
		1519B78F2A448A5F00097DED /* Winners.swift in Sources */ = {isa = PBXBuildFile; fileRef = 1519B7832A448A5F00097DED /* Winners.swift */; };
		1519B7902A448A5F00097DED /* Ineligible.swift in Sources */ = {isa = PBXBuildFile; fileRef = 1519B7842A448A5F00097DED /* Ineligible.swift */; };
		1519B7912A448A5F00097DED /* Episode.swift in Sources */ = {isa = PBXBuildFile; fileRef = 1519B7852A448A5F00097DED /* Episode.swift */; };
		1519B7922A448A5F00097DED /* BillChange.swift in Sources */ = {isa = PBXBuildFile; fileRef = 1519B7862A448A5F00097DED /* BillChange.swift */; };
		1519B7932A448A5F00097DED /* Charity.swift in Sources */ = {isa = PBXBuildFile; fileRef = 1519B7872A448A5F00097DED /* Charity.swift */; };
		1519B7942A448A5F00097DED /* Type.swift in Sources */ = {isa = PBXBuildFile; fileRef = 1519B7882A448A5F00097DED /* Type.swift */; };
		1519B7972A448B3800097DED /* HTML2Markdown in Frameworks */ = {isa = PBXBuildFile; productRef = 1519B7962A448B3800097DED /* HTML2Markdown */; };
		158E485C2A44856600E76CE6 /* Assets.xcassets in Resources */ = {isa = PBXBuildFile; fileRef = 158E485B2A44856600E76CE6 /* Assets.xcassets */; };
		158E485F2A44856600E76CE6 /* Preview Assets.xcassets in Resources */ = {isa = PBXBuildFile; fileRef = 158E485E2A44856600E76CE6 /* Preview Assets.xcassets */; };
		15B1888B2A8EA76800A33D96 /* Localizable.xcstrings in Resources */ = {isa = PBXBuildFile; fileRef = 15B1888A2A8EA76800A33D96 /* Localizable.xcstrings */; };
/* End PBXBuildFile section */

/* Begin PBXFileReference section */
		1519B7582A4489DD00097DED /* Rickies_3DApp.swift */ = {isa = PBXFileReference; lastKnownFileType = sourcecode.swift; path = Rickies_3DApp.swift; sourceTree = "<group>"; };
		1519B75C2A448A2B00097DED /* CoinFlipsView.swift */ = {isa = PBXFileReference; fileEncoding = 4; lastKnownFileType = sourcecode.swift; path = CoinFlipsView.swift; sourceTree = "<group>"; };
		1519B75D2A448A2B00097DED /* ContentView.swift */ = {isa = PBXFileReference; fileEncoding = 4; lastKnownFileType = sourcecode.swift; path = ContentView.swift; sourceTree = "<group>"; };
		1519B75E2A448A2B00097DED /* CharitiesView.swift */ = {isa = PBXFileReference; fileEncoding = 4; lastKnownFileType = sourcecode.swift; path = CharitiesView.swift; sourceTree = "<group>"; };
		1519B75F2A448A2B00097DED /* BillChangesView.swift */ = {isa = PBXFileReference; fileEncoding = 4; lastKnownFileType = sourcecode.swift; path = BillChangesView.swift; sourceTree = "<group>"; };
		1519B7602A448A2B00097DED /* WinnersView.swift */ = {isa = PBXFileReference; fileEncoding = 4; lastKnownFileType = sourcecode.swift; path = WinnersView.swift; sourceTree = "<group>"; };
		1519B7612A448A2B00097DED /* EpisodesView.swift */ = {isa = PBXFileReference; fileEncoding = 4; lastKnownFileType = sourcecode.swift; path = EpisodesView.swift; sourceTree = "<group>"; };
		1519B7622A448A2B00097DED /* GamesView.swift */ = {isa = PBXFileReference; fileEncoding = 4; lastKnownFileType = sourcecode.swift; path = GamesView.swift; sourceTree = "<group>"; };
		1519B7632A448A2B00097DED /* PicksView.swift */ = {isa = PBXFileReference; fileEncoding = 4; lastKnownFileType = sourcecode.swift; path = PicksView.swift; sourceTree = "<group>"; };
		1519B76C2A448A4000097DED /* GamesFetcher.swift */ = {isa = PBXFileReference; fileEncoding = 4; lastKnownFileType = sourcecode.swift; path = GamesFetcher.swift; sourceTree = "<group>"; };
		1519B76D2A448A4000097DED /* IneligibleFetcher.swift */ = {isa = PBXFileReference; fileEncoding = 4; lastKnownFileType = sourcecode.swift; path = IneligibleFetcher.swift; sourceTree = "<group>"; };
		1519B76E2A448A4000097DED /* CoinFlipsFetcher.swift */ = {isa = PBXFileReference; fileEncoding = 4; lastKnownFileType = sourcecode.swift; path = CoinFlipsFetcher.swift; sourceTree = "<group>"; };
		1519B76F2A448A4000097DED /* EpisodesFetcher.swift */ = {isa = PBXFileReference; fileEncoding = 4; lastKnownFileType = sourcecode.swift; path = EpisodesFetcher.swift; sourceTree = "<group>"; };
		1519B7702A448A4000097DED /* PicksFetcher.swift */ = {isa = PBXFileReference; fileEncoding = 4; lastKnownFileType = sourcecode.swift; path = PicksFetcher.swift; sourceTree = "<group>"; };
		1519B7712A448A4000097DED /* WinnersFetcher.swift */ = {isa = PBXFileReference; fileEncoding = 4; lastKnownFileType = sourcecode.swift; path = WinnersFetcher.swift; sourceTree = "<group>"; };
		1519B7722A448A4000097DED /* CharitiesFetcher.swift */ = {isa = PBXFileReference; fileEncoding = 4; lastKnownFileType = sourcecode.swift; path = CharitiesFetcher.swift; sourceTree = "<group>"; };
		1519B7732A448A4000097DED /* BillChangesFetcher.swift */ = {isa = PBXFileReference; fileEncoding = 4; lastKnownFileType = sourcecode.swift; path = BillChangesFetcher.swift; sourceTree = "<group>"; };
		1519B77D2A448A5E00097DED /* CoinFlips.swift */ = {isa = PBXFileReference; fileEncoding = 4; lastKnownFileType = sourcecode.swift; path = CoinFlips.swift; sourceTree = "<group>"; };
		1519B77E2A448A5E00097DED /* Host.swift */ = {isa = PBXFileReference; fileEncoding = 4; lastKnownFileType = sourcecode.swift; path = Host.swift; sourceTree = "<group>"; };
		1519B77F2A448A5E00097DED /* AppState.swift */ = {isa = PBXFileReference; fileEncoding = 4; lastKnownFileType = sourcecode.swift; path = AppState.swift; sourceTree = "<group>"; };
		1519B7802A448A5E00097DED /* Topic.swift */ = {isa = PBXFileReference; fileEncoding = 4; lastKnownFileType = sourcecode.swift; path = Topic.swift; sourceTree = "<group>"; };
		1519B7812A448A5F00097DED /* Picks.swift */ = {isa = PBXFileReference; fileEncoding = 4; lastKnownFileType = sourcecode.swift; path = Picks.swift; sourceTree = "<group>"; };
		1519B7822A448A5F00097DED /* Game.swift */ = {isa = PBXFileReference; fileEncoding = 4; lastKnownFileType = sourcecode.swift; path = Game.swift; sourceTree = "<group>"; };
		1519B7832A448A5F00097DED /* Winners.swift */ = {isa = PBXFileReference; fileEncoding = 4; lastKnownFileType = sourcecode.swift; path = Winners.swift; sourceTree = "<group>"; };
		1519B7842A448A5F00097DED /* Ineligible.swift */ = {isa = PBXFileReference; fileEncoding = 4; lastKnownFileType = sourcecode.swift; path = Ineligible.swift; sourceTree = "<group>"; };
		1519B7852A448A5F00097DED /* Episode.swift */ = {isa = PBXFileReference; fileEncoding = 4; lastKnownFileType = sourcecode.swift; path = Episode.swift; sourceTree = "<group>"; };
		1519B7862A448A5F00097DED /* BillChange.swift */ = {isa = PBXFileReference; fileEncoding = 4; lastKnownFileType = sourcecode.swift; path = BillChange.swift; sourceTree = "<group>"; };
		1519B7872A448A5F00097DED /* Charity.swift */ = {isa = PBXFileReference; fileEncoding = 4; lastKnownFileType = sourcecode.swift; path = Charity.swift; sourceTree = "<group>"; };
		1519B7882A448A5F00097DED /* Type.swift */ = {isa = PBXFileReference; fileEncoding = 4; lastKnownFileType = sourcecode.swift; path = Type.swift; sourceTree = "<group>"; };
		158E48502A44856500E76CE6 /* Rickies 3D.app */ = {isa = PBXFileReference; explicitFileType = wrapper.application; includeInIndex = 0; path = "Rickies 3D.app"; sourceTree = BUILT_PRODUCTS_DIR; };
		158E485B2A44856600E76CE6 /* Assets.xcassets */ = {isa = PBXFileReference; lastKnownFileType = folder.assetcatalog; path = Assets.xcassets; sourceTree = "<group>"; };
		158E485E2A44856600E76CE6 /* Preview Assets.xcassets */ = {isa = PBXFileReference; lastKnownFileType = folder.assetcatalog; path = "Preview Assets.xcassets"; sourceTree = "<group>"; };
		15B1888A2A8EA76800A33D96 /* Localizable.xcstrings */ = {isa = PBXFileReference; lastKnownFileType = text.json.xcstrings; path = Localizable.xcstrings; sourceTree = "<group>"; };
/* End PBXFileReference section */

/* Begin PBXFrameworksBuildPhase section */
		158E484D2A44856500E76CE6 /* Frameworks */ = {
			isa = PBXFrameworksBuildPhase;
			buildActionMask = 2147483647;
			files = (
				1519B7972A448B3800097DED /* HTML2Markdown in Frameworks */,
			);
			runOnlyForDeploymentPostprocessing = 0;
		};
/* End PBXFrameworksBuildPhase section */

/* Begin PBXGroup section */
		1519B75A2A448A0200097DED /* Fetchers */ = {
			isa = PBXGroup;
			children = (
				1519B7732A448A4000097DED /* BillChangesFetcher.swift */,
				1519B7722A448A4000097DED /* CharitiesFetcher.swift */,
				1519B76E2A448A4000097DED /* CoinFlipsFetcher.swift */,
				1519B76F2A448A4000097DED /* EpisodesFetcher.swift */,
				1519B76C2A448A4000097DED /* GamesFetcher.swift */,
				1519B76D2A448A4000097DED /* IneligibleFetcher.swift */,
				1519B7702A448A4000097DED /* PicksFetcher.swift */,
				1519B7712A448A4000097DED /* WinnersFetcher.swift */,
			);
			path = Fetchers;
			sourceTree = "<group>";
		};
		1519B75B2A448A1600097DED /* Views */ = {
			isa = PBXGroup;
			children = (
				1519B75F2A448A2B00097DED /* BillChangesView.swift */,
				1519B75E2A448A2B00097DED /* CharitiesView.swift */,
				1519B75C2A448A2B00097DED /* CoinFlipsView.swift */,
				1519B75D2A448A2B00097DED /* ContentView.swift */,
				1519B7612A448A2B00097DED /* EpisodesView.swift */,
				1519B7622A448A2B00097DED /* GamesView.swift */,
				1519B7632A448A2B00097DED /* PicksView.swift */,
				1519B7602A448A2B00097DED /* WinnersView.swift */,
			);
			path = Views;
			sourceTree = "<group>";
		};
		1519B77C2A448A4D00097DED /* Models */ = {
			isa = PBXGroup;
			children = (
				1519B7862A448A5F00097DED /* BillChange.swift */,
				1519B7872A448A5F00097DED /* Charity.swift */,
				1519B77D2A448A5E00097DED /* CoinFlips.swift */,
				1519B7852A448A5F00097DED /* Episode.swift */,
				1519B7822A448A5F00097DED /* Game.swift */,
				1519B77E2A448A5E00097DED /* Host.swift */,
				1519B7842A448A5F00097DED /* Ineligible.swift */,
				1519B7812A448A5F00097DED /* Picks.swift */,
				1519B7802A448A5E00097DED /* Topic.swift */,
				1519B7882A448A5F00097DED /* Type.swift */,
				1519B7832A448A5F00097DED /* Winners.swift */,
			);
			path = Models;
			sourceTree = "<group>";
		};
		158E48472A44856500E76CE6 = {
			isa = PBXGroup;
			children = (
				158E48522A44856500E76CE6 /* Rickies 3D */,
				158E48512A44856500E76CE6 /* Products */,
			);
			sourceTree = "<group>";
		};
		158E48512A44856500E76CE6 /* Products */ = {
			isa = PBXGroup;
			children = (
				158E48502A44856500E76CE6 /* Rickies 3D.app */,
			);
			name = Products;
			sourceTree = "<group>";
		};
		158E48522A44856500E76CE6 /* Rickies 3D */ = {
			isa = PBXGroup;
			children = (
				1519B77F2A448A5E00097DED /* AppState.swift */,
				1519B7582A4489DD00097DED /* Rickies_3DApp.swift */,
				1519B75A2A448A0200097DED /* Fetchers */,
				1519B77C2A448A4D00097DED /* Models */,
				15B188892A8EA74F00A33D96 /* Resources */,
				1519B75B2A448A1600097DED /* Views */,
				158E485B2A44856600E76CE6 /* Assets.xcassets */,
				158E485D2A44856600E76CE6 /* Preview Content */,
			);
			path = "Rickies 3D";
			sourceTree = "<group>";
		};
		158E485D2A44856600E76CE6 /* Preview Content */ = {
			isa = PBXGroup;
			children = (
				158E485E2A44856600E76CE6 /* Preview Assets.xcassets */,
			);
			path = "Preview Content";
			sourceTree = "<group>";
		};
		15B188892A8EA74F00A33D96 /* Resources */ = {
			isa = PBXGroup;
			children = (
				15B1888A2A8EA76800A33D96 /* Localizable.xcstrings */,
			);
			path = Resources;
			sourceTree = "<group>";
		};
/* End PBXGroup section */

/* Begin PBXNativeTarget section */
		158E484F2A44856500E76CE6 /* Rickies 3D */ = {
			isa = PBXNativeTarget;
			buildConfigurationList = 158E48622A44856600E76CE6 /* Build configuration list for PBXNativeTarget "Rickies 3D" */;
			buildPhases = (
				158E484C2A44856500E76CE6 /* Sources */,
				158E484D2A44856500E76CE6 /* Frameworks */,
				158E484E2A44856500E76CE6 /* Resources */,
			);
			buildRules = (
			);
			dependencies = (
			);
			name = "Rickies 3D";
			packageProductDependencies = (
				1519B7962A448B3800097DED /* HTML2Markdown */,
			);
			productName = "Rickies 3D";
			productReference = 158E48502A44856500E76CE6 /* Rickies 3D.app */;
			productType = "com.apple.product-type.application";
		};
/* End PBXNativeTarget section */

/* Begin PBXProject section */
		158E48482A44856500E76CE6 /* Project object */ = {
			isa = PBXProject;
			attributes = {
				BuildIndependentTargetsInParallel = 1;
				LastSwiftUpdateCheck = 1500;
				LastUpgradeCheck = 1500;
				TargetAttributes = {
					158E484F2A44856500E76CE6 = {
						CreatedOnToolsVersion = 15.0;
					};
				};
			};
			buildConfigurationList = 158E484B2A44856500E76CE6 /* Build configuration list for PBXProject "Rickies 3D" */;
			compatibilityVersion = "Xcode 14.0";
			developmentRegion = en;
			hasScannedForEncodings = 0;
			knownRegions = (
				en,
				Base,
			);
			mainGroup = 158E48472A44856500E76CE6;
			packageReferences = (
				1519B7952A448B3800097DED /* XCRemoteSwiftPackageReference "HTML2Markdown" */,
			);
			productRefGroup = 158E48512A44856500E76CE6 /* Products */;
			projectDirPath = "";
			projectRoot = "";
			targets = (
				158E484F2A44856500E76CE6 /* Rickies 3D */,
			);
		};
/* End PBXProject section */

/* Begin PBXResourcesBuildPhase section */
		158E484E2A44856500E76CE6 /* Resources */ = {
			isa = PBXResourcesBuildPhase;
			buildActionMask = 2147483647;
			files = (
				158E485F2A44856600E76CE6 /* Preview Assets.xcassets in Resources */,
				158E485C2A44856600E76CE6 /* Assets.xcassets in Resources */,
				15B1888B2A8EA76800A33D96 /* Localizable.xcstrings in Resources */,
			);
			runOnlyForDeploymentPostprocessing = 0;
		};
/* End PBXResourcesBuildPhase section */

/* Begin PBXSourcesBuildPhase section */
		158E484C2A44856500E76CE6 /* Sources */ = {
			isa = PBXSourcesBuildPhase;
			buildActionMask = 2147483647;
			files = (
				1519B7672A448A2B00097DED /* BillChangesView.swift in Sources */,
				1519B7762A448A4000097DED /* CoinFlipsFetcher.swift in Sources */,
				1519B7742A448A4000097DED /* GamesFetcher.swift in Sources */,
				1519B7752A448A4000097DED /* IneligibleFetcher.swift in Sources */,
				1519B78D2A448A5F00097DED /* Picks.swift in Sources */,
				1519B7682A448A2B00097DED /* WinnersView.swift in Sources */,
				1519B7922A448A5F00097DED /* BillChange.swift in Sources */,
				1519B76B2A448A2B00097DED /* PicksView.swift in Sources */,
				1519B7912A448A5F00097DED /* Episode.swift in Sources */,
				1519B7792A448A4000097DED /* WinnersFetcher.swift in Sources */,
				1519B76A2A448A2B00097DED /* GamesView.swift in Sources */,
				1519B7942A448A5F00097DED /* Type.swift in Sources */,
				1519B7642A448A2B00097DED /* CoinFlipsView.swift in Sources */,
				1519B7782A448A4000097DED /* PicksFetcher.swift in Sources */,
				1519B77B2A448A4000097DED /* BillChangesFetcher.swift in Sources */,
				1519B78B2A448A5F00097DED /* AppState.swift in Sources */,
				1519B78A2A448A5F00097DED /* Host.swift in Sources */,
				1519B78C2A448A5F00097DED /* Topic.swift in Sources */,
				1519B7772A448A4000097DED /* EpisodesFetcher.swift in Sources */,
				1519B7662A448A2B00097DED /* CharitiesView.swift in Sources */,
				1519B7592A4489DD00097DED /* Rickies_3DApp.swift in Sources */,
				1519B7652A448A2B00097DED /* ContentView.swift in Sources */,
				1519B77A2A448A4000097DED /* CharitiesFetcher.swift in Sources */,
				1519B7902A448A5F00097DED /* Ineligible.swift in Sources */,
				1519B7692A448A2B00097DED /* EpisodesView.swift in Sources */,
				1519B7932A448A5F00097DED /* Charity.swift in Sources */,
				1519B7892A448A5F00097DED /* CoinFlips.swift in Sources */,
				1519B78F2A448A5F00097DED /* Winners.swift in Sources */,
				1519B78E2A448A5F00097DED /* Game.swift in Sources */,
			);
			runOnlyForDeploymentPostprocessing = 0;
		};
/* End PBXSourcesBuildPhase section */

/* Begin XCBuildConfiguration section */
		158E48602A44856600E76CE6 /* Debug */ = {
			isa = XCBuildConfiguration;
			buildSettings = {
				ALWAYS_SEARCH_USER_PATHS = NO;
				ASSETCATALOG_COMPILER_GENERATE_SWIFT_ASSET_SYMBOL_EXTENSIONS = YES;
				CLANG_ANALYZER_NONNULL = YES;
				CLANG_ANALYZER_NUMBER_OBJECT_CONVERSION = YES_AGGRESSIVE;
				CLANG_CXX_LANGUAGE_STANDARD = "gnu++20";
				CLANG_ENABLE_MODULES = YES;
				CLANG_ENABLE_OBJC_ARC = YES;
				CLANG_ENABLE_OBJC_WEAK = YES;
				CLANG_WARN_BLOCK_CAPTURE_AUTORELEASING = YES;
				CLANG_WARN_BOOL_CONVERSION = YES;
				CLANG_WARN_COMMA = YES;
				CLANG_WARN_CONSTANT_CONVERSION = YES;
				CLANG_WARN_DEPRECATED_OBJC_IMPLEMENTATIONS = YES;
				CLANG_WARN_DIRECT_OBJC_ISA_USAGE = YES_ERROR;
				CLANG_WARN_DOCUMENTATION_COMMENTS = YES;
				CLANG_WARN_EMPTY_BODY = YES;
				CLANG_WARN_ENUM_CONVERSION = YES;
				CLANG_WARN_INFINITE_RECURSION = YES;
				CLANG_WARN_INT_CONVERSION = YES;
				CLANG_WARN_NON_LITERAL_NULL_CONVERSION = YES;
				CLANG_WARN_OBJC_IMPLICIT_RETAIN_SELF = YES;
				CLANG_WARN_OBJC_LITERAL_CONVERSION = YES;
				CLANG_WARN_OBJC_ROOT_CLASS = YES_ERROR;
				CLANG_WARN_QUOTED_INCLUDE_IN_FRAMEWORK_HEADER = YES;
				CLANG_WARN_RANGE_LOOP_ANALYSIS = YES;
				CLANG_WARN_STRICT_PROTOTYPES = YES;
				CLANG_WARN_SUSPICIOUS_MOVE = YES;
				CLANG_WARN_UNGUARDED_AVAILABILITY = YES_AGGRESSIVE;
				CLANG_WARN_UNREACHABLE_CODE = YES;
				CLANG_WARN__DUPLICATE_METHOD_MATCH = YES;
				COPY_PHASE_STRIP = NO;
				DEBUG_INFORMATION_FORMAT = dwarf;
				ENABLE_STRICT_OBJC_MSGSEND = YES;
				ENABLE_TESTABILITY = YES;
				ENABLE_USER_SCRIPT_SANDBOXING = YES;
				GCC_C_LANGUAGE_STANDARD = gnu17;
				GCC_DYNAMIC_NO_PIC = NO;
				GCC_NO_COMMON_BLOCKS = YES;
				GCC_OPTIMIZATION_LEVEL = 0;
				GCC_PREPROCESSOR_DEFINITIONS = (
					"DEBUG=1",
					"$(inherited)",
				);
				GCC_WARN_64_TO_32_BIT_CONVERSION = YES;
				GCC_WARN_ABOUT_RETURN_TYPE = YES_ERROR;
				GCC_WARN_UNDECLARED_SELECTOR = YES;
				GCC_WARN_UNINITIALIZED_AUTOS = YES_AGGRESSIVE;
				GCC_WARN_UNUSED_FUNCTION = YES;
				GCC_WARN_UNUSED_VARIABLE = YES;
				LOCALIZATION_PREFERS_STRING_CATALOGS = YES;
				MTL_ENABLE_DEBUG_INFO = INCLUDE_SOURCE;
				MTL_FAST_MATH = YES;
				ONLY_ACTIVE_ARCH = YES;
				SDKROOT = xros;
				SWIFT_ACTIVE_COMPILATION_CONDITIONS = "DEBUG $(inherited)";
				SWIFT_OPTIMIZATION_LEVEL = "-Onone";
				XROS_DEPLOYMENT_TARGET = 1.0;
			};
			name = Debug;
		};
		158E48612A44856600E76CE6 /* Release */ = {
			isa = XCBuildConfiguration;
			buildSettings = {
				ALWAYS_SEARCH_USER_PATHS = NO;
				ASSETCATALOG_COMPILER_GENERATE_SWIFT_ASSET_SYMBOL_EXTENSIONS = YES;
				CLANG_ANALYZER_NONNULL = YES;
				CLANG_ANALYZER_NUMBER_OBJECT_CONVERSION = YES_AGGRESSIVE;
				CLANG_CXX_LANGUAGE_STANDARD = "gnu++20";
				CLANG_ENABLE_MODULES = YES;
				CLANG_ENABLE_OBJC_ARC = YES;
				CLANG_ENABLE_OBJC_WEAK = YES;
				CLANG_WARN_BLOCK_CAPTURE_AUTORELEASING = YES;
				CLANG_WARN_BOOL_CONVERSION = YES;
				CLANG_WARN_COMMA = YES;
				CLANG_WARN_CONSTANT_CONVERSION = YES;
				CLANG_WARN_DEPRECATED_OBJC_IMPLEMENTATIONS = YES;
				CLANG_WARN_DIRECT_OBJC_ISA_USAGE = YES_ERROR;
				CLANG_WARN_DOCUMENTATION_COMMENTS = YES;
				CLANG_WARN_EMPTY_BODY = YES;
				CLANG_WARN_ENUM_CONVERSION = YES;
				CLANG_WARN_INFINITE_RECURSION = YES;
				CLANG_WARN_INT_CONVERSION = YES;
				CLANG_WARN_NON_LITERAL_NULL_CONVERSION = YES;
				CLANG_WARN_OBJC_IMPLICIT_RETAIN_SELF = YES;
				CLANG_WARN_OBJC_LITERAL_CONVERSION = YES;
				CLANG_WARN_OBJC_ROOT_CLASS = YES_ERROR;
				CLANG_WARN_QUOTED_INCLUDE_IN_FRAMEWORK_HEADER = YES;
				CLANG_WARN_RANGE_LOOP_ANALYSIS = YES;
				CLANG_WARN_STRICT_PROTOTYPES = YES;
				CLANG_WARN_SUSPICIOUS_MOVE = YES;
				CLANG_WARN_UNGUARDED_AVAILABILITY = YES_AGGRESSIVE;
				CLANG_WARN_UNREACHABLE_CODE = YES;
				CLANG_WARN__DUPLICATE_METHOD_MATCH = YES;
				COPY_PHASE_STRIP = NO;
				DEBUG_INFORMATION_FORMAT = "dwarf-with-dsym";
				ENABLE_NS_ASSERTIONS = NO;
				ENABLE_STRICT_OBJC_MSGSEND = YES;
				ENABLE_USER_SCRIPT_SANDBOXING = YES;
				GCC_C_LANGUAGE_STANDARD = gnu17;
				GCC_NO_COMMON_BLOCKS = YES;
				GCC_WARN_64_TO_32_BIT_CONVERSION = YES;
				GCC_WARN_ABOUT_RETURN_TYPE = YES_ERROR;
				GCC_WARN_UNDECLARED_SELECTOR = YES;
				GCC_WARN_UNINITIALIZED_AUTOS = YES_AGGRESSIVE;
				GCC_WARN_UNUSED_FUNCTION = YES;
				GCC_WARN_UNUSED_VARIABLE = YES;
				LOCALIZATION_PREFERS_STRING_CATALOGS = YES;
				MTL_ENABLE_DEBUG_INFO = NO;
				MTL_FAST_MATH = YES;
				SDKROOT = xros;
				SWIFT_COMPILATION_MODE = wholemodule;
				VALIDATE_PRODUCT = YES;
				XROS_DEPLOYMENT_TARGET = 1.0;
			};
			name = Release;
		};
		158E48632A44856600E76CE6 /* Debug */ = {
			isa = XCBuildConfiguration;
			buildSettings = {
				ASSETCATALOG_COMPILER_APPICON_NAME = AppIcon;
				ASSETCATALOG_COMPILER_GLOBAL_ACCENT_COLOR_NAME = AccentColor;
				CODE_SIGN_STYLE = Automatic;
				CURRENT_PROJECT_VERSION = 1;
				DEVELOPMENT_ASSET_PATHS = "\"Rickies 3D/Preview Content\"";
				DEVELOPMENT_TEAM = 7Z6HTF8NJU;
				ENABLE_PREVIEWS = YES;
				GENERATE_INFOPLIST_FILE = YES;
				INFOPLIST_KEY_UIApplicationSceneManifest_Generation = YES;
				LD_RUNPATH_SEARCH_PATHS = (
					"$(inherited)",
					"@executable_path/Frameworks",
				);
				MARKETING_VERSION = 1.0;
				PRODUCT_BUNDLE_IDENTIFIER = "me.jamberg.Rickies-3D";
				PRODUCT_NAME = "$(TARGET_NAME)";
				SUPPORTED_PLATFORMS = "xros xrsimulator";
				SWIFT_EMIT_LOC_STRINGS = YES;
				SWIFT_VERSION = 5.0;
				TARGETED_DEVICE_FAMILY = "1,2,7";
			};
			name = Debug;
		};
		158E48642A44856600E76CE6 /* Release */ = {
			isa = XCBuildConfiguration;
			buildSettings = {
				ASSETCATALOG_COMPILER_APPICON_NAME = AppIcon;
				ASSETCATALOG_COMPILER_GLOBAL_ACCENT_COLOR_NAME = AccentColor;
				CODE_SIGN_STYLE = Automatic;
				CURRENT_PROJECT_VERSION = 1;
				DEVELOPMENT_ASSET_PATHS = "\"Rickies 3D/Preview Content\"";
				DEVELOPMENT_TEAM = 7Z6HTF8NJU;
				ENABLE_PREVIEWS = YES;
				GENERATE_INFOPLIST_FILE = YES;
				INFOPLIST_KEY_UIApplicationSceneManifest_Generation = YES;
				LD_RUNPATH_SEARCH_PATHS = (
					"$(inherited)",
					"@executable_path/Frameworks",
				);
				MARKETING_VERSION = 1.0;
				PRODUCT_BUNDLE_IDENTIFIER = "me.jamberg.Rickies-3D";
				PRODUCT_NAME = "$(TARGET_NAME)";
				SUPPORTED_PLATFORMS = "xros xrsimulator";
				SWIFT_EMIT_LOC_STRINGS = YES;
				SWIFT_VERSION = 5.0;
				TARGETED_DEVICE_FAMILY = "1,2,7";
			};
			name = Release;
		};
/* End XCBuildConfiguration section */

/* Begin XCConfigurationList section */
		158E484B2A44856500E76CE6 /* Build configuration list for PBXProject "Rickies 3D" */ = {
			isa = XCConfigurationList;
			buildConfigurations = (
				158E48602A44856600E76CE6 /* Debug */,
				158E48612A44856600E76CE6 /* Release */,
			);
			defaultConfigurationIsVisible = 0;
			defaultConfigurationName = Release;
		};
		158E48622A44856600E76CE6 /* Build configuration list for PBXNativeTarget "Rickies 3D" */ = {
			isa = XCConfigurationList;
			buildConfigurations = (
				158E48632A44856600E76CE6 /* Debug */,
				158E48642A44856600E76CE6 /* Release */,
			);
			defaultConfigurationIsVisible = 0;
			defaultConfigurationName = Release;
		};
/* End XCConfigurationList section */

/* Begin XCRemoteSwiftPackageReference section */
		1519B7952A448B3800097DED /* XCRemoteSwiftPackageReference "HTML2Markdown" */ = {
			isa = XCRemoteSwiftPackageReference;
			repositoryURL = "https://gitlab.com/mflint/HTML2Markdown";
			requirement = {
				kind = upToNextMajorVersion;
				minimumVersion = 1.0.0;
			};
		};
/* End XCRemoteSwiftPackageReference section */

/* Begin XCSwiftPackageProductDependency section */
		1519B7962A448B3800097DED /* HTML2Markdown */ = {
			isa = XCSwiftPackageProductDependency;
			package = 1519B7952A448B3800097DED /* XCRemoteSwiftPackageReference "HTML2Markdown" */;
			productName = HTML2Markdown;
		};
/* End XCSwiftPackageProductDependency section */
	};
	rootObject = 158E48482A44856500E76CE6 /* Project object */;
}
